
Microsoft Visual Studio Solution File, Format Version 12.00
# Visual Studio Version 17
VisualStudioVersion = 17.0.31903.59
MinimumVisualStudioVersion = 10.0.40219.1
Project("{FAE04EC0-301F-11D3-BF4B-00C04F79EFBC}") = "01", ".\01\01.csproj", "{E8C1FE07-4212-4DFA-9E92-7674543F4EED}"
EndProject
Project("{FAE04EC0-301F-11D3-BF4B-00C04F79EFBC}") = "02", ".\02\02.csproj", "{2C15298A-69D9-4B0C-A0BB-7BADE064FFAB}"
EndProject
Project("{FAE04EC0-301F-11D3-BF4B-00C04F79EFBC}") = "03", "03\03.csproj", "{061BA319-5AFC-4342-B827-18D29EF759B7}"
EndProject
Global
	GlobalSection(SolutionConfigurationPlatforms) = preSolution
		Debug|Any CPU = Debug|Any CPU
		Release|Any CPU = Release|Any CPU
	EndGlobalSection
	GlobalSection(SolutionProperties) = preSolution
		HideSolutionNode = FALSE
	EndGlobalSection
	GlobalSection(ProjectConfigurationPlatforms) = postSolution
		{E8C1FE07-4212-4DFA-9E92-7674543F4EED}.Debug|Any CPU.ActiveCfg = Debug|Any CPU
		{E8C1FE07-4212-4DFA-9E92-7674543F4EED}.Debug|Any CPU.Build.0 = Debug|Any CPU
		{E8C1FE07-4212-4DFA-9E92-7674543F4EED}.Release|Any CPU.ActiveCfg = Release|Any CPU
		{E8C1FE07-4212-4DFA-9E92-7674543F4EED}.Release|Any CPU.Build.0 = Release|Any CPU
		{2C15298A-69D9-4B0C-A0BB-7BADE064FFAB}.Debug|Any CPU.ActiveCfg = Debug|Any CPU
		{2C15298A-69D9-4B0C-A0BB-7BADE064FFAB}.Debug|Any CPU.Build.0 = Debug|Any CPU
		{2C15298A-69D9-4B0C-A0BB-7BADE064FFAB}.Release|Any CPU.ActiveCfg = Release|Any CPU
		{2C15298A-69D9-4B0C-A0BB-7BADE064FFAB}.Release|Any CPU.Build.0 = Release|Any CPU
		{061BA319-5AFC-4342-B827-18D29EF759B7}.Debug|Any CPU.ActiveCfg = Debug|Any CPU
		{061BA319-5AFC-4342-B827-18D29EF759B7}.Debug|Any CPU.Build.0 = Debug|Any CPU
		{061BA319-5AFC-4342-B827-18D29EF759B7}.Release|Any CPU.ActiveCfg = Release|Any CPU
		{061BA319-5AFC-4342-B827-18D29EF759B7}.Release|Any CPU.Build.0 = Release|Any CPU
	EndGlobalSection
EndGlobal
